
Microsoft Visual Studio Solution File, Format Version 12.00
Project("{FAE04EC0-301F-11D3-BF4B-00C04F79EFBC}") = "MauiTuto", "MauiTuto\MauiTuto.csproj", "{F9A66CAE-D7B0-4D5F-90D3-80DC168FF77A}"
EndProject
Project("{FAE04EC0-301F-11D3-BF4B-00C04F79EFBC}") = "MauiTuto2", "MauiTuto2\MauiTuto2.csproj", "{A5F353E2-30B1-47E9-BA0F-784C30C80891}"
EndProject
Global
	GlobalSection(SolutionConfigurationPlatforms) = preSolution
		Debug|Any CPU = Debug|Any CPU
		Release|Any CPU = Release|Any CPU
	EndGlobalSection
	GlobalSection(ProjectConfigurationPlatforms) = postSolution
		{F9A66CAE-D7B0-4D5F-90D3-80DC168FF77A}.Debug|Any CPU.ActiveCfg = Debug|Any CPU
		{F9A66CAE-D7B0-4D5F-90D3-80DC168FF77A}.Debug|Any CPU.Build.0 = Debug|Any CPU
		{F9A66CAE-D7B0-4D5F-90D3-80DC168FF77A}.Release|Any CPU.ActiveCfg = Release|Any CPU
		{F9A66CAE-D7B0-4D5F-90D3-80DC168FF77A}.Release|Any CPU.Build.0 = Release|Any CPU
		{A5F353E2-30B1-47E9-BA0F-784C30C80891}.Debug|Any CPU.ActiveCfg = Debug|Any CPU
		{A5F353E2-30B1-47E9-BA0F-784C30C80891}.Debug|Any CPU.Build.0 = Debug|Any CPU
		{A5F353E2-30B1-47E9-BA0F-784C30C80891}.Release|Any CPU.ActiveCfg = Release|Any CPU
		{A5F353E2-30B1-47E9-BA0F-784C30C80891}.Release|Any CPU.Build.0 = Release|Any CPU
	EndGlobalSection
EndGlobal
